
Microsoft Visual Studio Solution File, Format Version 12.00
# Visual Studio Version 16
VisualStudioVersion = 16.0.30330.147
MinimumVisualStudioVersion = 10.0.40219.1
Project("{8BC9CEB8-8B4A-11D0-8D11-00A0C91BC942}") = "week3.3", "week3.3\week3.3.vcxproj", "{DDD17DF0-3E6E-4978-9162-B26D8CCEDBB4}"
EndProject
Global
	GlobalSection(SolutionConfigurationPlatforms) = preSolution
		Debug|x64 = Debug|x64
		Debug|x86 = Debug|x86
		Release|x64 = Release|x64
		Release|x86 = Release|x86
	EndGlobalSection
	GlobalSection(ProjectConfigurationPlatforms) = postSolution
		{DDD17DF0-3E6E-4978-9162-B26D8CCEDBB4}.Debug|x64.ActiveCfg = Debug|x64
		{DDD17DF0-3E6E-4978-9162-B26D8CCEDBB4}.Debug|x64.Build.0 = Debug|x64
		{DDD17DF0-3E6E-4978-9162-B26D8CCEDBB4}.Debug|x86.ActiveCfg = Debug|Win32
		{DDD17DF0-3E6E-4978-9162-B26D8CCEDBB4}.Debug|x86.Build.0 = Debug|Win32
		{DDD17DF0-3E6E-4978-9162-B26D8CCEDBB4}.Release|x64.ActiveCfg = Release|x64
		{DDD17DF0-3E6E-4978-9162-B26D8CCEDBB4}.Release|x64.Build.0 = Release|x64
		{DDD17DF0-3E6E-4978-9162-B26D8CCEDBB4}.Release|x86.ActiveCfg = Release|Win32
		{DDD17DF0-3E6E-4978-9162-B26D8CCEDBB4}.Release|x86.Build.0 = Release|Win32
	EndGlobalSection
	GlobalSection(SolutionProperties) = preSolution
		HideSolutionNode = FALSE
	EndGlobalSection
	GlobalSection(ExtensibilityGlobals) = postSolution
		SolutionGuid = {9FBBED42-5E1F-43E1-ACFC-E6F4FFA37DEF}
	EndGlobalSection
EndGlobal
