
Microsoft Visual Studio Solution File, Format Version 12.00
# Visual Studio Version 16
VisualStudioVersion = 16.0.30330.147
MinimumVisualStudioVersion = 10.0.40219.1
Project("{8BC9CEB8-8B4A-11D0-8D11-00A0C91BC942}") = "week2.2", "week2.2\week2.2.vcxproj", "{DA05F777-3F96-4F7F-BC70-FFF8B0265AED}"
EndProject
Global
	GlobalSection(SolutionConfigurationPlatforms) = preSolution
		Debug|x64 = Debug|x64
		Debug|x86 = Debug|x86
		Release|x64 = Release|x64
		Release|x86 = Release|x86
	EndGlobalSection
	GlobalSection(ProjectConfigurationPlatforms) = postSolution
		{DA05F777-3F96-4F7F-BC70-FFF8B0265AED}.Debug|x64.ActiveCfg = Debug|x64
		{DA05F777-3F96-4F7F-BC70-FFF8B0265AED}.Debug|x64.Build.0 = Debug|x64
		{DA05F777-3F96-4F7F-BC70-FFF8B0265AED}.Debug|x86.ActiveCfg = Debug|Win32
		{DA05F777-3F96-4F7F-BC70-FFF8B0265AED}.Debug|x86.Build.0 = Debug|Win32
		{DA05F777-3F96-4F7F-BC70-FFF8B0265AED}.Release|x64.ActiveCfg = Release|x64
		{DA05F777-3F96-4F7F-BC70-FFF8B0265AED}.Release|x64.Build.0 = Release|x64
		{DA05F777-3F96-4F7F-BC70-FFF8B0265AED}.Release|x86.ActiveCfg = Release|Win32
		{DA05F777-3F96-4F7F-BC70-FFF8B0265AED}.Release|x86.Build.0 = Release|Win32
	EndGlobalSection
	GlobalSection(SolutionProperties) = preSolution
		HideSolutionNode = FALSE
	EndGlobalSection
	GlobalSection(ExtensibilityGlobals) = postSolution
		SolutionGuid = {ED050A4A-C5FE-43B9-9F76-6F9C1287C61D}
	EndGlobalSection
EndGlobal
